
Microsoft Visual Studio Solution File, Format Version 12.00
# Visual Studio 15
VisualStudioVersion = 15.0.28010.2019
MinimumVisualStudioVersion = 10.0.40219.1
Project("{FAE04EC0-301F-11D3-BF4B-00C04F79EFBC}") = "ControllersAndActions", "ControllersAndActions\ControllersAndActions.csproj", "{8BF1C693-E8DA-42E4-BCAB-416451BAFB92}"
EndProject
Project("{FAE04EC0-301F-11D3-BF4B-00C04F79EFBC}") = "ControllersAndActions.Tests", "ControllersAndActions.Tests\ControllersAndActions.Tests.csproj", "{1937C338-DA54-4483-9FAD-78687AEE0CE1}"
EndProject
Global
	GlobalSection(SolutionConfigurationPlatforms) = preSolution
		Debug|Any CPU = Debug|Any CPU
		Release|Any CPU = Release|Any CPU
	EndGlobalSection
	GlobalSection(ProjectConfigurationPlatforms) = postSolution
		{8BF1C693-E8DA-42E4-BCAB-416451BAFB92}.Debug|Any CPU.ActiveCfg = Debug|Any CPU
		{8BF1C693-E8DA-42E4-BCAB-416451BAFB92}.Debug|Any CPU.Build.0 = Debug|Any CPU
		{8BF1C693-E8DA-42E4-BCAB-416451BAFB92}.Release|Any CPU.ActiveCfg = Release|Any CPU
		{8BF1C693-E8DA-42E4-BCAB-416451BAFB92}.Release|Any CPU.Build.0 = Release|Any CPU
		{1937C338-DA54-4483-9FAD-78687AEE0CE1}.Debug|Any CPU.ActiveCfg = Debug|Any CPU
		{1937C338-DA54-4483-9FAD-78687AEE0CE1}.Debug|Any CPU.Build.0 = Debug|Any CPU
		{1937C338-DA54-4483-9FAD-78687AEE0CE1}.Release|Any CPU.ActiveCfg = Release|Any CPU
		{1937C338-DA54-4483-9FAD-78687AEE0CE1}.Release|Any CPU.Build.0 = Release|Any CPU
	EndGlobalSection
	GlobalSection(SolutionProperties) = preSolution
		HideSolutionNode = FALSE
	EndGlobalSection
	GlobalSection(ExtensibilityGlobals) = postSolution
		SolutionGuid = {FE476CAB-3F12-4540-9A2E-E1FD7B82275A}
	EndGlobalSection
EndGlobal
