
Microsoft Visual Studio Solution File, Format Version 12.00
# Visual Studio 15
VisualStudioVersion = 15.0.28010.2019
MinimumVisualStudioVersion = 10.0.40219.1
Project("{FAE04EC0-301F-11D3-BF4B-00C04F79EFBC}") = "EssentialTools", "EssentialTools\EssentialTools.csproj", "{E898DA83-D374-498A-9B3A-DCC7D45D5AC2}"
EndProject
Project("{FAE04EC0-301F-11D3-BF4B-00C04F79EFBC}") = "EnssentialTools.Test", "EnssentialTools.Test\EnssentialTools.Test.csproj", "{EE9E7E5A-0D24-481C-8216-0A456C6D68B1}"
EndProject
Global
	GlobalSection(SolutionConfigurationPlatforms) = preSolution
		Debug|Any CPU = Debug|Any CPU
		Release|Any CPU = Release|Any CPU
	EndGlobalSection
	GlobalSection(ProjectConfigurationPlatforms) = postSolution
		{E898DA83-D374-498A-9B3A-DCC7D45D5AC2}.Debug|Any CPU.ActiveCfg = Debug|Any CPU
		{E898DA83-D374-498A-9B3A-DCC7D45D5AC2}.Debug|Any CPU.Build.0 = Debug|Any CPU
		{E898DA83-D374-498A-9B3A-DCC7D45D5AC2}.Release|Any CPU.ActiveCfg = Release|Any CPU
		{E898DA83-D374-498A-9B3A-DCC7D45D5AC2}.Release|Any CPU.Build.0 = Release|Any CPU
		{EE9E7E5A-0D24-481C-8216-0A456C6D68B1}.Debug|Any CPU.ActiveCfg = Debug|Any CPU
		{EE9E7E5A-0D24-481C-8216-0A456C6D68B1}.Debug|Any CPU.Build.0 = Debug|Any CPU
		{EE9E7E5A-0D24-481C-8216-0A456C6D68B1}.Release|Any CPU.ActiveCfg = Release|Any CPU
		{EE9E7E5A-0D24-481C-8216-0A456C6D68B1}.Release|Any CPU.Build.0 = Release|Any CPU
	EndGlobalSection
	GlobalSection(SolutionProperties) = preSolution
		HideSolutionNode = FALSE
	EndGlobalSection
	GlobalSection(ExtensibilityGlobals) = postSolution
		SolutionGuid = {BBD31D7A-0503-4C97-A84D-7C827945444E}
	EndGlobalSection
EndGlobal
